
Microsoft Visual Studio Solution File, Format Version 12.00
# Visual Studio 15
VisualStudioVersion = 15.0.26430.13
MinimumVisualStudioVersion = 10.0.40219.1
Project("{FAE04EC0-301F-11D3-BF4B-00C04F79EFBC}") = "Quotidian", "Quotidian\Quotidian.csproj", "{5BF6C33B-C61F-4961-9327-F8D7DADD7C7D}"
EndProject
Global
	GlobalSection(SolutionConfigurationPlatforms) = preSolution
		Debug|Any CPU = Debug|Any CPU
		Release|Any CPU = Release|Any CPU
	EndGlobalSection
	GlobalSection(ProjectConfigurationPlatforms) = postSolution
		{5BF6C33B-C61F-4961-9327-F8D7DADD7C7D}.Debug|Any CPU.ActiveCfg = Debug|Any CPU
		{5BF6C33B-C61F-4961-9327-F8D7DADD7C7D}.Debug|Any CPU.Build.0 = Debug|Any CPU
		{5BF6C33B-C61F-4961-9327-F8D7DADD7C7D}.Release|Any CPU.ActiveCfg = Release|Any CPU
		{5BF6C33B-C61F-4961-9327-F8D7DADD7C7D}.Release|Any CPU.Build.0 = Release|Any CPU
	EndGlobalSection
	GlobalSection(SolutionProperties) = preSolution
		HideSolutionNode = FALSE
	EndGlobalSection
EndGlobal
